
Microsoft Visual Studio Solution File, Format Version 12.00
# Visual Studio Version 16
VisualStudioVersion = 16.0.33214.272
MinimumVisualStudioVersion = 10.0.40219.1
Project("{FAE04EC0-301F-11D3-BF4B-00C04F79EFBC}") = "prueba1", "prueba1\prueba1.csproj", "{C038447E-BAAF-4602-8648-9EEAFA682647}"
EndProject
Global
	GlobalSection(SolutionConfigurationPlatforms) = preSolution
		Debug|Any CPU = Debug|Any CPU
		Release|Any CPU = Release|Any CPU
	EndGlobalSection
	GlobalSection(ProjectConfigurationPlatforms) = postSolution
		{C038447E-BAAF-4602-8648-9EEAFA682647}.Debug|Any CPU.ActiveCfg = Debug|Any CPU
		{C038447E-BAAF-4602-8648-9EEAFA682647}.Debug|Any CPU.Build.0 = Debug|Any CPU
		{C038447E-BAAF-4602-8648-9EEAFA682647}.Release|Any CPU.ActiveCfg = Release|Any CPU
		{C038447E-BAAF-4602-8648-9EEAFA682647}.Release|Any CPU.Build.0 = Release|Any CPU
	EndGlobalSection
	GlobalSection(SolutionProperties) = preSolution
		HideSolutionNode = FALSE
	EndGlobalSection
	GlobalSection(ExtensibilityGlobals) = postSolution
		SolutionGuid = {0E085F79-777C-4027-8D72-AACC159A61ED}
	EndGlobalSection
EndGlobal
